
Microsoft Visual Studio Solution File, Format Version 12.00
# Visual Studio Version 17
VisualStudioVersion = 17.5.33530.505
MinimumVisualStudioVersion = 10.0.40219.1
Project("{FAE04EC0-301F-11D3-BF4B-00C04F79EFBC}") = "Oqtane.CoAdminPOC", "Oqtane.CoAdminPOC.csproj", "{76A873C7-9942-4BE4-919C-BBF2F98240DD}"
EndProject
Global
	GlobalSection(SolutionConfigurationPlatforms) = preSolution
		Debug|Any CPU = Debug|Any CPU
		Release|Any CPU = Release|Any CPU
	EndGlobalSection
	GlobalSection(ProjectConfigurationPlatforms) = postSolution
		{76A873C7-9942-4BE4-919C-BBF2F98240DD}.Debug|Any CPU.ActiveCfg = Debug|Any CPU
		{76A873C7-9942-4BE4-919C-BBF2F98240DD}.Debug|Any CPU.Build.0 = Debug|Any CPU
		{76A873C7-9942-4BE4-919C-BBF2F98240DD}.Release|Any CPU.ActiveCfg = Release|Any CPU
		{76A873C7-9942-4BE4-919C-BBF2F98240DD}.Release|Any CPU.Build.0 = Release|Any CPU
	EndGlobalSection
	GlobalSection(SolutionProperties) = preSolution
		HideSolutionNode = FALSE
	EndGlobalSection
	GlobalSection(ExtensibilityGlobals) = postSolution
		SolutionGuid = {A3A2761D-8305-4491-B083-514D29623AB1}
	EndGlobalSection
EndGlobal
